
Microsoft Visual Studio Solution File, Format Version 12.00
# Visual Studio Version 16
VisualStudioVersion = 16.0.30320.27
MinimumVisualStudioVersion = 10.0.40219.1
Project("{FAE04EC0-301F-11D3-BF4B-00C04F79EFBC}") = "ShapeDrawer", "ShapeDrawer.csproj", "{309EB369-37DF-4637-AA9E-74ADCA6B972A}"
EndProject
Global
	GlobalSection(SolutionConfigurationPlatforms) = preSolution
		Debug|Any CPU = Debug|Any CPU
		Release|Any CPU = Release|Any CPU
	EndGlobalSection
	GlobalSection(ProjectConfigurationPlatforms) = postSolution
		{309EB369-37DF-4637-AA9E-74ADCA6B972A}.Debug|Any CPU.ActiveCfg = Debug|Any CPU
		{309EB369-37DF-4637-AA9E-74ADCA6B972A}.Debug|Any CPU.Build.0 = Debug|Any CPU
		{309EB369-37DF-4637-AA9E-74ADCA6B972A}.Release|Any CPU.ActiveCfg = Release|Any CPU
		{309EB369-37DF-4637-AA9E-74ADCA6B972A}.Release|Any CPU.Build.0 = Release|Any CPU
	EndGlobalSection
	GlobalSection(SolutionProperties) = preSolution
		HideSolutionNode = FALSE
	EndGlobalSection
	GlobalSection(ExtensibilityGlobals) = postSolution
		SolutionGuid = {5E6C89D6-2916-421D-A4F8-9346F762CD97}
	EndGlobalSection
EndGlobal
